
Microsoft Visual Studio Solution File, Format Version 12.00
# Visual Studio Version 17
VisualStudioVersion = 17.3.32901.215
MinimumVisualStudioVersion = 10.0.40219.1
Project("{FAE04EC0-301F-11D3-BF4B-00C04F79EFBC}") = "PlcApp", "PlcApp\PlcApp.csproj", "{3695CDDD-A7D1-4E66-85A8-70D4B3D211FB}"
EndProject
Global
	GlobalSection(SolutionConfigurationPlatforms) = preSolution
		Debug|Any CPU = Debug|Any CPU
		Release|Any CPU = Release|Any CPU
	EndGlobalSection
	GlobalSection(ProjectConfigurationPlatforms) = postSolution
		{3695CDDD-A7D1-4E66-85A8-70D4B3D211FB}.Debug|Any CPU.ActiveCfg = Debug|Any CPU
		{3695CDDD-A7D1-4E66-85A8-70D4B3D211FB}.Debug|Any CPU.Build.0 = Debug|Any CPU
		{3695CDDD-A7D1-4E66-85A8-70D4B3D211FB}.Release|Any CPU.ActiveCfg = Release|Any CPU
		{3695CDDD-A7D1-4E66-85A8-70D4B3D211FB}.Release|Any CPU.Build.0 = Release|Any CPU
	EndGlobalSection
	GlobalSection(SolutionProperties) = preSolution
		HideSolutionNode = FALSE
	EndGlobalSection
	GlobalSection(ExtensibilityGlobals) = postSolution
		SolutionGuid = {8DD28C17-875B-4053-B3E7-B26A4DBED399}
	EndGlobalSection
EndGlobal
